
Microsoft Visual Studio Solution File, Format Version 12.00
# Visual Studio 2013
VisualStudioVersion = 12.0.21005.1
MinimumVisualStudioVersion = 10.0.40219.1
Project("{FAE04EC0-301F-11D3-BF4B-00C04F79EFBC}") = "Webchat.Models", "Webchat.Models\Webchat.Models.csproj", "{29D6F651-31B5-4BC9-BA26-279310FC8782}"
EndProject
Project("{FAE04EC0-301F-11D3-BF4B-00C04F79EFBC}") = "Webchat.Data", "Webchat.Data\Webchat.Data.csproj", "{CC7534A9-EFDF-4255-8D0B-2B6333999868}"
EndProject
Project("{FAE04EC0-301F-11D3-BF4B-00C04F79EFBC}") = "Testing", "Testing\Testing.csproj", "{79CF5FB1-D51C-40AF-8A5C-682835EE7530}"
EndProject
Project("{FAE04EC0-301F-11D3-BF4B-00C04F79EFBC}") = "Webchat.Repositories", "Webchat.Repositories\Webchat.Repositories.csproj", "{0E7F5084-EA7F-4D4A-9A9B-B88D0F81E4E0}"
EndProject
Project("{FAE04EC0-301F-11D3-BF4B-00C04F79EFBC}") = "Webchat.WebApi", "Webchat.WebApi\Webchat.WebApi.csproj", "{A38C2D48-0D09-448D-B751-48D786EEF28E}"
EndProject
Project("{FAE04EC0-301F-11D3-BF4B-00C04F79EFBC}") = "Cloudinary", "Cloudinary\Cloudinary.csproj", "{6C0ACD6C-58BC-4571-A59D-EB752317C8A2}"
EndProject
Project("{2150E333-8FDC-42A3-9474-1A3956D46DE8}") = ".nuget", ".nuget", "{4432DF68-916A-4EBC-A449-1562437E7283}"
	ProjectSection(SolutionItems) = preProject
		.nuget\NuGet.Config = .nuget\NuGet.Config
		.nuget\NuGet.exe = .nuget\NuGet.exe
		.nuget\NuGet.targets = .nuget\NuGet.targets
	EndProjectSection
EndProject
Global
	GlobalSection(SolutionConfigurationPlatforms) = preSolution
		Debug|Any CPU = Debug|Any CPU
		Release|Any CPU = Release|Any CPU
	EndGlobalSection
	GlobalSection(ProjectConfigurationPlatforms) = postSolution
		{29D6F651-31B5-4BC9-BA26-279310FC8782}.Debug|Any CPU.ActiveCfg = Debug|Any CPU
		{29D6F651-31B5-4BC9-BA26-279310FC8782}.Debug|Any CPU.Build.0 = Debug|Any CPU
		{29D6F651-31B5-4BC9-BA26-279310FC8782}.Release|Any CPU.ActiveCfg = Release|Any CPU
		{29D6F651-31B5-4BC9-BA26-279310FC8782}.Release|Any CPU.Build.0 = Release|Any CPU
		{CC7534A9-EFDF-4255-8D0B-2B6333999868}.Debug|Any CPU.ActiveCfg = Debug|Any CPU
		{CC7534A9-EFDF-4255-8D0B-2B6333999868}.Debug|Any CPU.Build.0 = Debug|Any CPU
		{CC7534A9-EFDF-4255-8D0B-2B6333999868}.Release|Any CPU.ActiveCfg = Release|Any CPU
		{CC7534A9-EFDF-4255-8D0B-2B6333999868}.Release|Any CPU.Build.0 = Release|Any CPU
		{79CF5FB1-D51C-40AF-8A5C-682835EE7530}.Debug|Any CPU.ActiveCfg = Debug|Any CPU
		{79CF5FB1-D51C-40AF-8A5C-682835EE7530}.Debug|Any CPU.Build.0 = Debug|Any CPU
		{79CF5FB1-D51C-40AF-8A5C-682835EE7530}.Release|Any CPU.ActiveCfg = Release|Any CPU
		{79CF5FB1-D51C-40AF-8A5C-682835EE7530}.Release|Any CPU.Build.0 = Release|Any CPU
		{0E7F5084-EA7F-4D4A-9A9B-B88D0F81E4E0}.Debug|Any CPU.ActiveCfg = Debug|Any CPU
		{0E7F5084-EA7F-4D4A-9A9B-B88D0F81E4E0}.Debug|Any CPU.Build.0 = Debug|Any CPU
		{0E7F5084-EA7F-4D4A-9A9B-B88D0F81E4E0}.Release|Any CPU.ActiveCfg = Release|Any CPU
		{0E7F5084-EA7F-4D4A-9A9B-B88D0F81E4E0}.Release|Any CPU.Build.0 = Release|Any CPU
		{A38C2D48-0D09-448D-B751-48D786EEF28E}.Debug|Any CPU.ActiveCfg = Debug|Any CPU
		{A38C2D48-0D09-448D-B751-48D786EEF28E}.Debug|Any CPU.Build.0 = Debug|Any CPU
		{A38C2D48-0D09-448D-B751-48D786EEF28E}.Release|Any CPU.ActiveCfg = Release|Any CPU
		{A38C2D48-0D09-448D-B751-48D786EEF28E}.Release|Any CPU.Build.0 = Release|Any CPU
		{6C0ACD6C-58BC-4571-A59D-EB752317C8A2}.Debug|Any CPU.ActiveCfg = Debug|Any CPU
		{6C0ACD6C-58BC-4571-A59D-EB752317C8A2}.Debug|Any CPU.Build.0 = Debug|Any CPU
		{6C0ACD6C-58BC-4571-A59D-EB752317C8A2}.Release|Any CPU.ActiveCfg = Release|Any CPU
		{6C0ACD6C-58BC-4571-A59D-EB752317C8A2}.Release|Any CPU.Build.0 = Release|Any CPU
	EndGlobalSection
	GlobalSection(SolutionProperties) = preSolution
		HideSolutionNode = FALSE
	EndGlobalSection
EndGlobal
